
Microsoft Visual Studio Solution File, Format Version 12.00
# Visual Studio Version 16
VisualStudioVersion = 16.0.28705.295
MinimumVisualStudioVersion = 10.0.40219.1
Project("{9A19103F-16F7-4668-BE54-9A1E7A4F7556}") = "WebConnector.Services", "WebConnector.Services\WebConnector.Services.csproj", "{080CFAFD-CF95-4284-A6BF-19153EEA8D06}"
EndProject
Project("{9A19103F-16F7-4668-BE54-9A1E7A4F7556}") = "WebConnector.Kanboard", "Connectors\WebConnector.Kanboard\WebConnector.Kanboard.csproj", "{6798FE1A-8FD9-42A8-8C4A-B6FA2B5FA19B}"
EndProject
Project("{9A19103F-16F7-4668-BE54-9A1E7A4F7556}") = "TSoft.Library.Logging", "Libraries\TSoft.Library.Logging\TSoft.Library.Logging.csproj", "{32040467-0A3A-4BC6-B158-57F2896CBCDA}"
EndProject
Project("{9A19103F-16F7-4668-BE54-9A1E7A4F7556}") = "TSoft.Library.Core", "Libraries\TSoft.Library.Core\TSoft.Library.Core.csproj", "{0EFF343C-4C5E-4FCE-8F21-D74E7D2B1E2C}"
EndProject
Project("{9A19103F-16F7-4668-BE54-9A1E7A4F7556}") = "WebConnector.Contracts", "Libraries\WebConnector.Contracts\WebConnector.Contracts.csproj", "{663647DD-CEC6-4EE9-9A3B-7CCEF0814639}"
EndProject
Project("{2150E333-8FDC-42A3-9474-1A3956D46DE8}") = "Libraries", "Libraries", "{4C223AB3-3BD2-4B28-BB40-5068E0F1C73B}"
EndProject
Project("{2150E333-8FDC-42A3-9474-1A3956D46DE8}") = "Connectors", "Connectors", "{75011320-5296-439B-B92F-E175A79438D4}"
EndProject
Project("{FAE04EC0-301F-11D3-BF4B-00C04F79EFBC}") = "WebConnector.Outlook", "Connectors\WebConnector.Outlook\WebConnector.Outlook.csproj", "{31292F40-600B-4D24-8824-9E4B31E9FCCC}"
EndProject
Project("{FAE04EC0-301F-11D3-BF4B-00C04F79EFBC}") = "WebConnector.Asana", "Connectors\WebConnector.Asana\WebConnector.Asana.csproj", "{E172001B-F5E6-44D8-A1D5-7A07C488FCB0}"
EndProject
Global
	GlobalSection(SolutionConfigurationPlatforms) = preSolution
		Debug|Any CPU = Debug|Any CPU
		Release|Any CPU = Release|Any CPU
	EndGlobalSection
	GlobalSection(ProjectConfigurationPlatforms) = postSolution
		{080CFAFD-CF95-4284-A6BF-19153EEA8D06}.Debug|Any CPU.ActiveCfg = Debug|Any CPU
		{080CFAFD-CF95-4284-A6BF-19153EEA8D06}.Debug|Any CPU.Build.0 = Debug|Any CPU
		{080CFAFD-CF95-4284-A6BF-19153EEA8D06}.Release|Any CPU.ActiveCfg = Release|Any CPU
		{080CFAFD-CF95-4284-A6BF-19153EEA8D06}.Release|Any CPU.Build.0 = Release|Any CPU
		{6798FE1A-8FD9-42A8-8C4A-B6FA2B5FA19B}.Debug|Any CPU.ActiveCfg = Debug|Any CPU
		{6798FE1A-8FD9-42A8-8C4A-B6FA2B5FA19B}.Debug|Any CPU.Build.0 = Debug|Any CPU
		{6798FE1A-8FD9-42A8-8C4A-B6FA2B5FA19B}.Release|Any CPU.ActiveCfg = Release|Any CPU
		{6798FE1A-8FD9-42A8-8C4A-B6FA2B5FA19B}.Release|Any CPU.Build.0 = Release|Any CPU
		{32040467-0A3A-4BC6-B158-57F2896CBCDA}.Debug|Any CPU.ActiveCfg = Debug|Any CPU
		{32040467-0A3A-4BC6-B158-57F2896CBCDA}.Debug|Any CPU.Build.0 = Debug|Any CPU
		{32040467-0A3A-4BC6-B158-57F2896CBCDA}.Release|Any CPU.ActiveCfg = Release|Any CPU
		{32040467-0A3A-4BC6-B158-57F2896CBCDA}.Release|Any CPU.Build.0 = Release|Any CPU
		{0EFF343C-4C5E-4FCE-8F21-D74E7D2B1E2C}.Debug|Any CPU.ActiveCfg = Debug|Any CPU
		{0EFF343C-4C5E-4FCE-8F21-D74E7D2B1E2C}.Debug|Any CPU.Build.0 = Debug|Any CPU
		{0EFF343C-4C5E-4FCE-8F21-D74E7D2B1E2C}.Release|Any CPU.ActiveCfg = Release|Any CPU
		{0EFF343C-4C5E-4FCE-8F21-D74E7D2B1E2C}.Release|Any CPU.Build.0 = Release|Any CPU
		{663647DD-CEC6-4EE9-9A3B-7CCEF0814639}.Debug|Any CPU.ActiveCfg = Debug|Any CPU
		{663647DD-CEC6-4EE9-9A3B-7CCEF0814639}.Debug|Any CPU.Build.0 = Debug|Any CPU
		{663647DD-CEC6-4EE9-9A3B-7CCEF0814639}.Release|Any CPU.ActiveCfg = Release|Any CPU
		{663647DD-CEC6-4EE9-9A3B-7CCEF0814639}.Release|Any CPU.Build.0 = Release|Any CPU
		{31292F40-600B-4D24-8824-9E4B31E9FCCC}.Debug|Any CPU.ActiveCfg = Debug|Any CPU
		{31292F40-600B-4D24-8824-9E4B31E9FCCC}.Debug|Any CPU.Build.0 = Debug|Any CPU
		{31292F40-600B-4D24-8824-9E4B31E9FCCC}.Release|Any CPU.ActiveCfg = Release|Any CPU
		{31292F40-600B-4D24-8824-9E4B31E9FCCC}.Release|Any CPU.Build.0 = Release|Any CPU
		{E172001B-F5E6-44D8-A1D5-7A07C488FCB0}.Debug|Any CPU.ActiveCfg = Debug|Any CPU
		{E172001B-F5E6-44D8-A1D5-7A07C488FCB0}.Debug|Any CPU.Build.0 = Debug|Any CPU
		{E172001B-F5E6-44D8-A1D5-7A07C488FCB0}.Release|Any CPU.ActiveCfg = Release|Any CPU
		{E172001B-F5E6-44D8-A1D5-7A07C488FCB0}.Release|Any CPU.Build.0 = Release|Any CPU
	EndGlobalSection
	GlobalSection(SolutionProperties) = preSolution
		HideSolutionNode = FALSE
	EndGlobalSection
	GlobalSection(NestedProjects) = preSolution
		{6798FE1A-8FD9-42A8-8C4A-B6FA2B5FA19B} = {75011320-5296-439B-B92F-E175A79438D4}
		{32040467-0A3A-4BC6-B158-57F2896CBCDA} = {4C223AB3-3BD2-4B28-BB40-5068E0F1C73B}
		{0EFF343C-4C5E-4FCE-8F21-D74E7D2B1E2C} = {4C223AB3-3BD2-4B28-BB40-5068E0F1C73B}
		{663647DD-CEC6-4EE9-9A3B-7CCEF0814639} = {4C223AB3-3BD2-4B28-BB40-5068E0F1C73B}
		{31292F40-600B-4D24-8824-9E4B31E9FCCC} = {75011320-5296-439B-B92F-E175A79438D4}
		{E172001B-F5E6-44D8-A1D5-7A07C488FCB0} = {75011320-5296-439B-B92F-E175A79438D4}
	EndGlobalSection
	GlobalSection(ExtensibilityGlobals) = postSolution
		SolutionGuid = {362D60ED-A000-4FB6-91BF-43348E5BC1F3}
	EndGlobalSection
EndGlobal
